// !$*UTF8*$!
{
	archiveVersion = 1;
	classes = {
	};
	objectVersion = 55;
	objects = {

/* Begin PBXBuildFile section */
		71E7BA8227219083006F060F /* AppDelegate.swift in Sources */ = {isa = PBXBuildFile; fileRef = 71E7BA8127219083006F060F /* AppDelegate.swift */; };
		71E7BA8427219083006F060F /* SceneDelegate.swift in Sources */ = {isa = PBXBuildFile; fileRef = 71E7BA8327219083006F060F /* SceneDelegate.swift */; };
		71E7BA8C27219083006F060F /* JokesByCategoryOfChuck.xcdatamodeld in Sources */ = {isa = PBXBuildFile; fileRef = 71E7BA8A27219083006F060F /* JokesByCategoryOfChuck.xcdatamodeld */; };
		71E7BA8E27219085006F060F /* Assets.xcassets in Resources */ = {isa = PBXBuildFile; fileRef = 71E7BA8D27219085006F060F /* Assets.xcassets */; };
		71E7BA9127219085006F060F /* LaunchScreen.storyboard in Resources */ = {isa = PBXBuildFile; fileRef = 71E7BA8F27219085006F060F /* LaunchScreen.storyboard */; };
		71E7BA9B27219323006F060F /* Categories.storyboard in Resources */ = {isa = PBXBuildFile; fileRef = 71E7BA9827219323006F060F /* Categories.storyboard */; };
		71E7BA9C27219323006F060F /* CategoriesPresenter.swift in Sources */ = {isa = PBXBuildFile; fileRef = 71E7BA9927219323006F060F /* CategoriesPresenter.swift */; };
		71E7BA9D27219323006F060F /* CategoriesViewController.swift in Sources */ = {isa = PBXBuildFile; fileRef = 71E7BA9A27219323006F060F /* CategoriesViewController.swift */; };
		71E7BAA22721992F006F060F /* Joke.storyboard in Resources */ = {isa = PBXBuildFile; fileRef = 71E7BA9F2721992F006F060F /* Joke.storyboard */; };
		71E7BAA32721992F006F060F /* JokePresenter.swift in Sources */ = {isa = PBXBuildFile; fileRef = 71E7BAA02721992F006F060F /* JokePresenter.swift */; };
		71E7BAA42721992F006F060F /* JokeViewController.swift in Sources */ = {isa = PBXBuildFile; fileRef = 71E7BAA12721992F006F060F /* JokeViewController.swift */; };
/* End PBXBuildFile section */

/* Begin PBXFileReference section */
		71E7BA7E27219083006F060F /* JokesByCategoryOfChuck.app */ = {isa = PBXFileReference; explicitFileType = wrapper.application; includeInIndex = 0; path = JokesByCategoryOfChuck.app; sourceTree = BUILT_PRODUCTS_DIR; };
		71E7BA8127219083006F060F /* AppDelegate.swift */ = {isa = PBXFileReference; lastKnownFileType = sourcecode.swift; path = AppDelegate.swift; sourceTree = "<group>"; };
		71E7BA8327219083006F060F /* SceneDelegate.swift */ = {isa = PBXFileReference; lastKnownFileType = sourcecode.swift; path = SceneDelegate.swift; sourceTree = "<group>"; };
		71E7BA8B27219083006F060F /* JokesByCategoryOfChuck.xcdatamodel */ = {isa = PBXFileReference; lastKnownFileType = wrapper.xcdatamodel; path = JokesByCategoryOfChuck.xcdatamodel; sourceTree = "<group>"; };
		71E7BA8D27219085006F060F /* Assets.xcassets */ = {isa = PBXFileReference; lastKnownFileType = folder.assetcatalog; path = Assets.xcassets; sourceTree = "<group>"; };
		71E7BA9027219085006F060F /* Base */ = {isa = PBXFileReference; lastKnownFileType = file.storyboard; name = Base; path = Base.lproj/LaunchScreen.storyboard; sourceTree = "<group>"; };
		71E7BA9227219085006F060F /* Info.plist */ = {isa = PBXFileReference; lastKnownFileType = text.plist.xml; path = Info.plist; sourceTree = "<group>"; };
		71E7BA9827219323006F060F /* Categories.storyboard */ = {isa = PBXFileReference; lastKnownFileType = file.storyboard; path = Categories.storyboard; sourceTree = "<group>"; };
		71E7BA9927219323006F060F /* CategoriesPresenter.swift */ = {isa = PBXFileReference; lastKnownFileType = sourcecode.swift; path = CategoriesPresenter.swift; sourceTree = "<group>"; };
		71E7BA9A27219323006F060F /* CategoriesViewController.swift */ = {isa = PBXFileReference; lastKnownFileType = sourcecode.swift; path = CategoriesViewController.swift; sourceTree = "<group>"; };
		71E7BA9F2721992F006F060F /* Joke.storyboard */ = {isa = PBXFileReference; lastKnownFileType = file.storyboard; path = Joke.storyboard; sourceTree = "<group>"; };
		71E7BAA02721992F006F060F /* JokePresenter.swift */ = {isa = PBXFileReference; lastKnownFileType = sourcecode.swift; path = JokePresenter.swift; sourceTree = "<group>"; };
		71E7BAA12721992F006F060F /* JokeViewController.swift */ = {isa = PBXFileReference; lastKnownFileType = sourcecode.swift; path = JokeViewController.swift; sourceTree = "<group>"; };
/* End PBXFileReference section */

/* Begin PBXFrameworksBuildPhase section */
		71E7BA7B27219083006F060F /* Frameworks */ = {
			isa = PBXFrameworksBuildPhase;
			buildActionMask = 2147483647;
			files = (
			);
			runOnlyForDeploymentPostprocessing = 0;
		};
/* End PBXFrameworksBuildPhase section */

/* Begin PBXGroup section */
		71E7BA7527219083006F060F = {
			isa = PBXGroup;
			children = (
				71E7BA8027219083006F060F /* JokesByCategoryOfChuck */,
				71E7BA7F27219083006F060F /* Products */,
			);
			sourceTree = "<group>";
		};
		71E7BA7F27219083006F060F /* Products */ = {
			isa = PBXGroup;
			children = (
				71E7BA7E27219083006F060F /* JokesByCategoryOfChuck.app */,
			);
			name = Products;
			sourceTree = "<group>";
		};
		71E7BA8027219083006F060F /* JokesByCategoryOfChuck */ = {
			isa = PBXGroup;
			children = (
				71E7BA8127219083006F060F /* AppDelegate.swift */,
				71E7BA8327219083006F060F /* SceneDelegate.swift */,
				71E7BA9E2721932E006F060F /* Categories */,
				71E7BAA52721993B006F060F /* Joke */,
				71E7BA8D27219085006F060F /* Assets.xcassets */,
				71E7BA8F27219085006F060F /* LaunchScreen.storyboard */,
				71E7BA9227219085006F060F /* Info.plist */,
				71E7BA8A27219083006F060F /* JokesByCategoryOfChuck.xcdatamodeld */,
			);
			path = JokesByCategoryOfChuck;
			sourceTree = "<group>";
		};
		71E7BA9E2721932E006F060F /* Categories */ = {
			isa = PBXGroup;
			children = (
				71E7BA9827219323006F060F /* Categories.storyboard */,
				71E7BA9927219323006F060F /* CategoriesPresenter.swift */,
				71E7BA9A27219323006F060F /* CategoriesViewController.swift */,
			);
			path = Categories;
			sourceTree = "<group>";
		};
		71E7BAA52721993B006F060F /* Joke */ = {
			isa = PBXGroup;
			children = (
				71E7BA9F2721992F006F060F /* Joke.storyboard */,
				71E7BAA02721992F006F060F /* JokePresenter.swift */,
				71E7BAA12721992F006F060F /* JokeViewController.swift */,
			);
			path = Joke;
			sourceTree = "<group>";
		};
/* End PBXGroup section */

/* Begin PBXNativeTarget section */
		71E7BA7D27219083006F060F /* JokesByCategoryOfChuck */ = {
			isa = PBXNativeTarget;
			buildConfigurationList = 71E7BA9527219085006F060F /* Build configuration list for PBXNativeTarget "JokesByCategoryOfChuck" */;
			buildPhases = (
				71E7BA7A27219083006F060F /* Sources */,
				71E7BA7B27219083006F060F /* Frameworks */,
				71E7BA7C27219083006F060F /* Resources */,
			);
			buildRules = (
			);
			dependencies = (
			);
			name = JokesByCategoryOfChuck;
			productName = JokesByCategoryOfChuck;
			productReference = 71E7BA7E27219083006F060F /* JokesByCategoryOfChuck.app */;
			productType = "com.apple.product-type.application";
		};
/* End PBXNativeTarget section */

/* Begin PBXProject section */
		71E7BA7627219083006F060F /* Project object */ = {
			isa = PBXProject;
			attributes = {
				BuildIndependentTargetsInParallel = 1;
				LastSwiftUpdateCheck = 1300;
				LastUpgradeCheck = 1300;
				TargetAttributes = {
					71E7BA7D27219083006F060F = {
						CreatedOnToolsVersion = 13.0;
					};
				};
			};
			buildConfigurationList = 71E7BA7927219083006F060F /* Build configuration list for PBXProject "JokesByCategoryOfChuck" */;
			compatibilityVersion = "Xcode 13.0";
			developmentRegion = en;
			hasScannedForEncodings = 0;
			knownRegions = (
				en,
				Base,
			);
			mainGroup = 71E7BA7527219083006F060F;
			productRefGroup = 71E7BA7F27219083006F060F /* Products */;
			projectDirPath = "";
			projectRoot = "";
			targets = (
				71E7BA7D27219083006F060F /* JokesByCategoryOfChuck */,
			);
		};
/* End PBXProject section */

/* Begin PBXResourcesBuildPhase section */
		71E7BA7C27219083006F060F /* Resources */ = {
			isa = PBXResourcesBuildPhase;
			buildActionMask = 2147483647;
			files = (
				71E7BA9127219085006F060F /* LaunchScreen.storyboard in Resources */,
				71E7BA8E27219085006F060F /* Assets.xcassets in Resources */,
				71E7BA9B27219323006F060F /* Categories.storyboard in Resources */,
				71E7BAA22721992F006F060F /* Joke.storyboard in Resources */,
			);
			runOnlyForDeploymentPostprocessing = 0;
		};
/* End PBXResourcesBuildPhase section */

/* Begin PBXSourcesBuildPhase section */
		71E7BA7A27219083006F060F /* Sources */ = {
			isa = PBXSourcesBuildPhase;
			buildActionMask = 2147483647;
			files = (
				71E7BA8227219083006F060F /* AppDelegate.swift in Sources */,
				71E7BAA42721992F006F060F /* JokeViewController.swift in Sources */,
				71E7BA9D27219323006F060F /* CategoriesViewController.swift in Sources */,
				71E7BA8427219083006F060F /* SceneDelegate.swift in Sources */,
				71E7BAA32721992F006F060F /* JokePresenter.swift in Sources */,
				71E7BA8C27219083006F060F /* JokesByCategoryOfChuck.xcdatamodeld in Sources */,
				71E7BA9C27219323006F060F /* CategoriesPresenter.swift in Sources */,
			);
			runOnlyForDeploymentPostprocessing = 0;
		};
/* End PBXSourcesBuildPhase section */

/* Begin PBXVariantGroup section */
		71E7BA8F27219085006F060F /* LaunchScreen.storyboard */ = {
			isa = PBXVariantGroup;
			children = (
				71E7BA9027219085006F060F /* Base */,
			);
			name = LaunchScreen.storyboard;
			sourceTree = "<group>";
		};
/* End PBXVariantGroup section */

/* Begin XCBuildConfiguration section */
		71E7BA9327219085006F060F /* Debug */ = {
			isa = XCBuildConfiguration;
			buildSettings = {
				ALWAYS_SEARCH_USER_PATHS = NO;
				CLANG_ANALYZER_NONNULL = YES;
				CLANG_ANALYZER_NUMBER_OBJECT_CONVERSION = YES_AGGRESSIVE;
				CLANG_CXX_LANGUAGE_STANDARD = "gnu++17";
				CLANG_CXX_LIBRARY = "libc++";
				CLANG_ENABLE_MODULES = YES;
				CLANG_ENABLE_OBJC_ARC = YES;
				CLANG_ENABLE_OBJC_WEAK = YES;
				CLANG_WARN_BLOCK_CAPTURE_AUTORELEASING = YES;
				CLANG_WARN_BOOL_CONVERSION = YES;
				CLANG_WARN_COMMA = YES;
				CLANG_WARN_CONSTANT_CONVERSION = YES;
				CLANG_WARN_DEPRECATED_OBJC_IMPLEMENTATIONS = YES;
				CLANG_WARN_DIRECT_OBJC_ISA_USAGE = YES_ERROR;
				CLANG_WARN_DOCUMENTATION_COMMENTS = YES;
				CLANG_WARN_EMPTY_BODY = YES;
				CLANG_WARN_ENUM_CONVERSION = YES;
				CLANG_WARN_INFINITE_RECURSION = YES;
				CLANG_WARN_INT_CONVERSION = YES;
				CLANG_WARN_NON_LITERAL_NULL_CONVERSION = YES;
				CLANG_WARN_OBJC_IMPLICIT_RETAIN_SELF = YES;
				CLANG_WARN_OBJC_LITERAL_CONVERSION = YES;
				CLANG_WARN_OBJC_ROOT_CLASS = YES_ERROR;
				CLANG_WARN_QUOTED_INCLUDE_IN_FRAMEWORK_HEADER = YES;
				CLANG_WARN_RANGE_LOOP_ANALYSIS = YES;
				CLANG_WARN_STRICT_PROTOTYPES = YES;
				CLANG_WARN_SUSPICIOUS_MOVE = YES;
				CLANG_WARN_UNGUARDED_AVAILABILITY = YES_AGGRESSIVE;
				CLANG_WARN_UNREACHABLE_CODE = YES;
				CLANG_WARN__DUPLICATE_METHOD_MATCH = YES;
				COPY_PHASE_STRIP = NO;
				DEBUG_INFORMATION_FORMAT = dwarf;
				ENABLE_STRICT_OBJC_MSGSEND = YES;
				ENABLE_TESTABILITY = YES;
				GCC_C_LANGUAGE_STANDARD = gnu11;
				GCC_DYNAMIC_NO_PIC = NO;
				GCC_NO_COMMON_BLOCKS = YES;
				GCC_OPTIMIZATION_LEVEL = 0;
				GCC_PREPROCESSOR_DEFINITIONS = (
					"DEBUG=1",
					"$(inherited)",
				);
				GCC_WARN_64_TO_32_BIT_CONVERSION = YES;
				GCC_WARN_ABOUT_RETURN_TYPE = YES_ERROR;
				GCC_WARN_UNDECLARED_SELECTOR = YES;
				GCC_WARN_UNINITIALIZED_AUTOS = YES_AGGRESSIVE;
				GCC_WARN_UNUSED_FUNCTION = YES;
				GCC_WARN_UNUSED_VARIABLE = YES;
				IPHONEOS_DEPLOYMENT_TARGET = 15.0;
				MTL_ENABLE_DEBUG_INFO = INCLUDE_SOURCE;
				MTL_FAST_MATH = YES;
				ONLY_ACTIVE_ARCH = YES;
				SDKROOT = iphoneos;
				SWIFT_ACTIVE_COMPILATION_CONDITIONS = DEBUG;
				SWIFT_OPTIMIZATION_LEVEL = "-Onone";
			};
			name = Debug;
		};
		71E7BA9427219085006F060F /* Release */ = {
			isa = XCBuildConfiguration;
			buildSettings = {
				ALWAYS_SEARCH_USER_PATHS = NO;
				CLANG_ANALYZER_NONNULL = YES;
				CLANG_ANALYZER_NUMBER_OBJECT_CONVERSION = YES_AGGRESSIVE;
				CLANG_CXX_LANGUAGE_STANDARD = "gnu++17";
				CLANG_CXX_LIBRARY = "libc++";
				CLANG_ENABLE_MODULES = YES;
				CLANG_ENABLE_OBJC_ARC = YES;
				CLANG_ENABLE_OBJC_WEAK = YES;
				CLANG_WARN_BLOCK_CAPTURE_AUTORELEASING = YES;
				CLANG_WARN_BOOL_CONVERSION = YES;
				CLANG_WARN_COMMA = YES;
				CLANG_WARN_CONSTANT_CONVERSION = YES;
				CLANG_WARN_DEPRECATED_OBJC_IMPLEMENTATIONS = YES;
				CLANG_WARN_DIRECT_OBJC_ISA_USAGE = YES_ERROR;
				CLANG_WARN_DOCUMENTATION_COMMENTS = YES;
				CLANG_WARN_EMPTY_BODY = YES;
				CLANG_WARN_ENUM_CONVERSION = YES;
				CLANG_WARN_INFINITE_RECURSION = YES;
				CLANG_WARN_INT_CONVERSION = YES;
				CLANG_WARN_NON_LITERAL_NULL_CONVERSION = YES;
				CLANG_WARN_OBJC_IMPLICIT_RETAIN_SELF = YES;
				CLANG_WARN_OBJC_LITERAL_CONVERSION = YES;
				CLANG_WARN_OBJC_ROOT_CLASS = YES_ERROR;
				CLANG_WARN_QUOTED_INCLUDE_IN_FRAMEWORK_HEADER = YES;
				CLANG_WARN_RANGE_LOOP_ANALYSIS = YES;
				CLANG_WARN_STRICT_PROTOTYPES = YES;
				CLANG_WARN_SUSPICIOUS_MOVE = YES;
				CLANG_WARN_UNGUARDED_AVAILABILITY = YES_AGGRESSIVE;
				CLANG_WARN_UNREACHABLE_CODE = YES;
				CLANG_WARN__DUPLICATE_METHOD_MATCH = YES;
				COPY_PHASE_STRIP = NO;
				DEBUG_INFORMATION_FORMAT = "dwarf-with-dsym";
				ENABLE_NS_ASSERTIONS = NO;
				ENABLE_STRICT_OBJC_MSGSEND = YES;
				GCC_C_LANGUAGE_STANDARD = gnu11;
				GCC_NO_COMMON_BLOCKS = YES;
				GCC_WARN_64_TO_32_BIT_CONVERSION = YES;
				GCC_WARN_ABOUT_RETURN_TYPE = YES_ERROR;
				GCC_WARN_UNDECLARED_SELECTOR = YES;
				GCC_WARN_UNINITIALIZED_AUTOS = YES_AGGRESSIVE;
				GCC_WARN_UNUSED_FUNCTION = YES;
				GCC_WARN_UNUSED_VARIABLE = YES;
				IPHONEOS_DEPLOYMENT_TARGET = 15.0;
				MTL_ENABLE_DEBUG_INFO = NO;
				MTL_FAST_MATH = YES;
				SDKROOT = iphoneos;
				SWIFT_COMPILATION_MODE = wholemodule;
				SWIFT_OPTIMIZATION_LEVEL = "-O";
				VALIDATE_PRODUCT = YES;
			};
			name = Release;
		};
		71E7BA9627219085006F060F /* Debug */ = {
			isa = XCBuildConfiguration;
			buildSettings = {
				ASSETCATALOG_COMPILER_APPICON_NAME = AppIcon;
				ASSETCATALOG_COMPILER_GLOBAL_ACCENT_COLOR_NAME = AccentColor;
				CODE_SIGN_STYLE = Automatic;
				CURRENT_PROJECT_VERSION = 1;
				DEVELOPMENT_TEAM = BJ2Y72RG5B;
				GENERATE_INFOPLIST_FILE = YES;
				INFOPLIST_FILE = JokesByCategoryOfChuck/Info.plist;
				INFOPLIST_KEY_UIApplicationSupportsIndirectInputEvents = YES;
				INFOPLIST_KEY_UILaunchStoryboardName = LaunchScreen;
				INFOPLIST_KEY_UIMainStoryboardFile = Categories;
				INFOPLIST_KEY_UISupportedInterfaceOrientations_iPad = "UIInterfaceOrientationPortrait UIInterfaceOrientationPortraitUpsideDown UIInterfaceOrientationLandscapeLeft UIInterfaceOrientationLandscapeRight";
				INFOPLIST_KEY_UISupportedInterfaceOrientations_iPhone = "UIInterfaceOrientationPortrait UIInterfaceOrientationLandscapeLeft UIInterfaceOrientationLandscapeRight";
				LD_RUNPATH_SEARCH_PATHS = (
					"$(inherited)",
					"@executable_path/Frameworks",
				);
				MARKETING_VERSION = 1.0;
				PRODUCT_BUNDLE_IDENTIFIER = com.evgeniyNosko.JokesByCategoryOfChuck;
				PRODUCT_NAME = "$(TARGET_NAME)";
				SWIFT_EMIT_LOC_STRINGS = YES;
				SWIFT_VERSION = 5.0;
				TARGETED_DEVICE_FAMILY = "1,2";
			};
			name = Debug;
		};
		71E7BA9727219085006F060F /* Release */ = {
			isa = XCBuildConfiguration;
			buildSettings = {
				ASSETCATALOG_COMPILER_APPICON_NAME = AppIcon;
				ASSETCATALOG_COMPILER_GLOBAL_ACCENT_COLOR_NAME = AccentColor;
				CODE_SIGN_STYLE = Automatic;
				CURRENT_PROJECT_VERSION = 1;
				DEVELOPMENT_TEAM = BJ2Y72RG5B;
				GENERATE_INFOPLIST_FILE = YES;
				INFOPLIST_FILE = JokesByCategoryOfChuck/Info.plist;
				INFOPLIST_KEY_UIApplicationSupportsIndirectInputEvents = YES;
				INFOPLIST_KEY_UILaunchStoryboardName = LaunchScreen;
				INFOPLIST_KEY_UIMainStoryboardFile = Categories;
				INFOPLIST_KEY_UISupportedInterfaceOrientations_iPad = "UIInterfaceOrientationPortrait UIInterfaceOrientationPortraitUpsideDown UIInterfaceOrientationLandscapeLeft UIInterfaceOrientationLandscapeRight";
				INFOPLIST_KEY_UISupportedInterfaceOrientations_iPhone = "UIInterfaceOrientationPortrait UIInterfaceOrientationLandscapeLeft UIInterfaceOrientationLandscapeRight";
				LD_RUNPATH_SEARCH_PATHS = (
					"$(inherited)",
					"@executable_path/Frameworks",
				);
				MARKETING_VERSION = 1.0;
				PRODUCT_BUNDLE_IDENTIFIER = com.evgeniyNosko.JokesByCategoryOfChuck;
				PRODUCT_NAME = "$(TARGET_NAME)";
				SWIFT_EMIT_LOC_STRINGS = YES;
				SWIFT_VERSION = 5.0;
				TARGETED_DEVICE_FAMILY = "1,2";
			};
			name = Release;
		};
/* End XCBuildConfiguration section */

/* Begin XCConfigurationList section */
		71E7BA7927219083006F060F /* Build configuration list for PBXProject "JokesByCategoryOfChuck" */ = {
			isa = XCConfigurationList;
			buildConfigurations = (
				71E7BA9327219085006F060F /* Debug */,
				71E7BA9427219085006F060F /* Release */,
			);
			defaultConfigurationIsVisible = 0;
			defaultConfigurationName = Release;
		};
		71E7BA9527219085006F060F /* Build configuration list for PBXNativeTarget "JokesByCategoryOfChuck" */ = {
			isa = XCConfigurationList;
			buildConfigurations = (
				71E7BA9627219085006F060F /* Debug */,
				71E7BA9727219085006F060F /* Release */,
			);
			defaultConfigurationIsVisible = 0;
			defaultConfigurationName = Release;
		};
/* End XCConfigurationList section */

/* Begin XCVersionGroup section */
		71E7BA8A27219083006F060F /* JokesByCategoryOfChuck.xcdatamodeld */ = {
			isa = XCVersionGroup;
			children = (
				71E7BA8B27219083006F060F /* JokesByCategoryOfChuck.xcdatamodel */,
			);
			currentVersion = 71E7BA8B27219083006F060F /* JokesByCategoryOfChuck.xcdatamodel */;
			path = JokesByCategoryOfChuck.xcdatamodeld;
			sourceTree = "<group>";
			versionGroupType = wrapper.xcdatamodel;
		};
/* End XCVersionGroup section */
	};
	rootObject = 71E7BA7627219083006F060F /* Project object */;
}
